
Microsoft Visual Studio Solution File, Format Version 12.00
# Visual Studio Version 17
VisualStudioVersion = 17.7.34031.279
MinimumVisualStudioVersion = 10.0.40219.1
Project("{FAE04EC0-301F-11D3-BF4B-00C04F79EFBC}") = "NovemberBooks", "NovemberBooks\NovemberBooks.csproj", "{741983B7-5206-4772-84F1-DB99547186FF}"
EndProject
Global
	GlobalSection(SolutionConfigurationPlatforms) = preSolution
		Debug|Any CPU = Debug|Any CPU
		Release|Any CPU = Release|Any CPU
	EndGlobalSection
	GlobalSection(ProjectConfigurationPlatforms) = postSolution
		{741983B7-5206-4772-84F1-DB99547186FF}.Debug|Any CPU.ActiveCfg = Debug|Any CPU
		{741983B7-5206-4772-84F1-DB99547186FF}.Debug|Any CPU.Build.0 = Debug|Any CPU
		{741983B7-5206-4772-84F1-DB99547186FF}.Release|Any CPU.ActiveCfg = Release|Any CPU
		{741983B7-5206-4772-84F1-DB99547186FF}.Release|Any CPU.Build.0 = Release|Any CPU
	EndGlobalSection
	GlobalSection(SolutionProperties) = preSolution
		HideSolutionNode = FALSE
	EndGlobalSection
	GlobalSection(ExtensibilityGlobals) = postSolution
		SolutionGuid = {17199843-394A-4899-9FF8-D0C0089D7089}
	EndGlobalSection
EndGlobal
